
Microsoft Visual Studio Solution File, Format Version 12.00
# Visual Studio Version 17
VisualStudioVersion = 17.14.36811.4 d17.14
MinimumVisualStudioVersion = 10.0.40219.1
Project("{FAE04EC0-301F-11D3-BF4B-00C04F79EFBC}") = "LanQuizer", "LanQuizer.csproj", "{889AE6A3-EF86-401C-BEA2-5E88B447802B}"
EndProject
Global
	GlobalSection(SolutionConfigurationPlatforms) = preSolution
		Debug|Any CPU = Debug|Any CPU
		Release|Any CPU = Release|Any CPU
	EndGlobalSection
	GlobalSection(ProjectConfigurationPlatforms) = postSolution
		{889AE6A3-EF86-401C-BEA2-5E88B447802B}.Debug|Any CPU.ActiveCfg = Debug|Any CPU
		{889AE6A3-EF86-401C-BEA2-5E88B447802B}.Debug|Any CPU.Build.0 = Debug|Any CPU
		{889AE6A3-EF86-401C-BEA2-5E88B447802B}.Release|Any CPU.ActiveCfg = Release|Any CPU
		{889AE6A3-EF86-401C-BEA2-5E88B447802B}.Release|Any CPU.Build.0 = Release|Any CPU
	EndGlobalSection
	GlobalSection(SolutionProperties) = preSolution
		HideSolutionNode = FALSE
	EndGlobalSection
	GlobalSection(ExtensibilityGlobals) = postSolution
		SolutionGuid = {36FA945D-E1B4-498A-8E5B-30B9329C6BF8}
	EndGlobalSection
EndGlobal
